// !$*UTF8*$!
{
	archiveVersion = 1;
	classes = {
	};
	objectVersion = 46;
	objects = {

/* Begin PBXBuildFile section */
		2AD2F48F1B2657BE00BD7CCB /* AppDelegate.swift in Sources */ = {isa = PBXBuildFile; fileRef = 2AD2F48E1B2657BE00BD7CCB /* AppDelegate.swift */; };
		2AD2F4911B2657BE00BD7CCB /* GameScene.sks in Resources */ = {isa = PBXBuildFile; fileRef = 2AD2F4901B2657BE00BD7CCB /* GameScene.sks */; };
		2AD2F4931B2657BE00BD7CCB /* GameScene.swift in Sources */ = {isa = PBXBuildFile; fileRef = 2AD2F4921B2657BE00BD7CCB /* GameScene.swift */; };
		2AD2F4951B2657BE00BD7CCB /* GameViewController.swift in Sources */ = {isa = PBXBuildFile; fileRef = 2AD2F4941B2657BE00BD7CCB /* GameViewController.swift */; };
		2AD2F4981B2657BE00BD7CCB /* Main.storyboard in Resources */ = {isa = PBXBuildFile; fileRef = 2AD2F4961B2657BE00BD7CCB /* Main.storyboard */; };
		2AD2F49A1B2657BE00BD7CCB /* Images.xcassets in Resources */ = {isa = PBXBuildFile; fileRef = 2AD2F4991B2657BE00BD7CCB /* Images.xcassets */; };
		2AD2F49D1B2657BE00BD7CCB /* LaunchScreen.xib in Resources */ = {isa = PBXBuildFile; fileRef = 2AD2F49B1B2657BE00BD7CCB /* LaunchScreen.xib */; };
		2AD2F4A91B2657BE00BD7CCB /* ChronomancyTests.swift in Sources */ = {isa = PBXBuildFile; fileRef = 2AD2F4A81B2657BE00BD7CCB /* ChronomancyTests.swift */; };
/* End PBXBuildFile section */

/* Begin PBXContainerItemProxy section */
		2AD2F4A31B2657BE00BD7CCB /* PBXContainerItemProxy */ = {
			isa = PBXContainerItemProxy;
			containerPortal = 2AD2F4811B2657BE00BD7CCB /* Project object */;
			proxyType = 1;
			remoteGlobalIDString = 2AD2F4881B2657BE00BD7CCB;
			remoteInfo = Chronomancy;
		};
/* End PBXContainerItemProxy section */

/* Begin PBXFileReference section */
		2AD2F4891B2657BE00BD7CCB /* Chronomancy.app */ = {isa = PBXFileReference; explicitFileType = wrapper.application; includeInIndex = 0; path = Chronomancy.app; sourceTree = BUILT_PRODUCTS_DIR; };
		2AD2F48D1B2657BE00BD7CCB /* Info.plist */ = {isa = PBXFileReference; lastKnownFileType = text.plist.xml; path = Info.plist; sourceTree = "<group>"; };
		2AD2F48E1B2657BE00BD7CCB /* AppDelegate.swift */ = {isa = PBXFileReference; lastKnownFileType = sourcecode.swift; path = AppDelegate.swift; sourceTree = "<group>"; };
		2AD2F4901B2657BE00BD7CCB /* GameScene.sks */ = {isa = PBXFileReference; lastKnownFileType = file.sks; path = GameScene.sks; sourceTree = "<group>"; };
		2AD2F4921B2657BE00BD7CCB /* GameScene.swift */ = {isa = PBXFileReference; lastKnownFileType = sourcecode.swift; path = GameScene.swift; sourceTree = "<group>"; };
		2AD2F4941B2657BE00BD7CCB /* GameViewController.swift */ = {isa = PBXFileReference; lastKnownFileType = sourcecode.swift; path = GameViewController.swift; sourceTree = "<group>"; };
		2AD2F4971B2657BE00BD7CCB /* Base */ = {isa = PBXFileReference; lastKnownFileType = file.storyboard; name = Base; path = Base.lproj/Main.storyboard; sourceTree = "<group>"; };
		2AD2F4991B2657BE00BD7CCB /* Images.xcassets */ = {isa = PBXFileReference; lastKnownFileType = folder.assetcatalog; path = Images.xcassets; sourceTree = "<group>"; };
		2AD2F49C1B2657BE00BD7CCB /* Base */ = {isa = PBXFileReference; lastKnownFileType = file.xib; name = Base; path = Base.lproj/LaunchScreen.xib; sourceTree = "<group>"; };
		2AD2F4A21B2657BE00BD7CCB /* ChronomancyTests.xctest */ = {isa = PBXFileReference; explicitFileType = wrapper.cfbundle; includeInIndex = 0; path = ChronomancyTests.xctest; sourceTree = BUILT_PRODUCTS_DIR; };
		2AD2F4A71B2657BE00BD7CCB /* Info.plist */ = {isa = PBXFileReference; lastKnownFileType = text.plist.xml; path = Info.plist; sourceTree = "<group>"; };
		2AD2F4A81B2657BE00BD7CCB /* ChronomancyTests.swift */ = {isa = PBXFileReference; lastKnownFileType = sourcecode.swift; path = ChronomancyTests.swift; sourceTree = "<group>"; };
/* End PBXFileReference section */

/* Begin PBXFrameworksBuildPhase section */
		2AD2F4861B2657BE00BD7CCB /* Frameworks */ = {
			isa = PBXFrameworksBuildPhase;
			buildActionMask = 2147483647;
			files = (
			);
			runOnlyForDeploymentPostprocessing = 0;
		};
		2AD2F49F1B2657BE00BD7CCB /* Frameworks */ = {
			isa = PBXFrameworksBuildPhase;
			buildActionMask = 2147483647;
			files = (
			);
			runOnlyForDeploymentPostprocessing = 0;
		};
/* End PBXFrameworksBuildPhase section */

/* Begin PBXGroup section */
		2AD2F4801B2657BE00BD7CCB = {
			isa = PBXGroup;
			children = (
				2AD2F48B1B2657BE00BD7CCB /* Chronomancy */,
				2AD2F4A51B2657BE00BD7CCB /* ChronomancyTests */,
				2AD2F48A1B2657BE00BD7CCB /* Products */,
			);
			sourceTree = "<group>";
		};
		2AD2F48A1B2657BE00BD7CCB /* Products */ = {
			isa = PBXGroup;
			children = (
				2AD2F4891B2657BE00BD7CCB /* Chronomancy.app */,
				2AD2F4A21B2657BE00BD7CCB /* ChronomancyTests.xctest */,
			);
			name = Products;
			sourceTree = "<group>";
		};
		2AD2F48B1B2657BE00BD7CCB /* Chronomancy */ = {
			isa = PBXGroup;
			children = (
				2AD2F48E1B2657BE00BD7CCB /* AppDelegate.swift */,
				2AD2F4901B2657BE00BD7CCB /* GameScene.sks */,
				2AD2F4921B2657BE00BD7CCB /* GameScene.swift */,
				2AD2F4941B2657BE00BD7CCB /* GameViewController.swift */,
				2AD2F4961B2657BE00BD7CCB /* Main.storyboard */,
				2AD2F4991B2657BE00BD7CCB /* Images.xcassets */,
				2AD2F49B1B2657BE00BD7CCB /* LaunchScreen.xib */,
				2AD2F48C1B2657BE00BD7CCB /* Supporting Files */,
			);
			path = Chronomancy;
			sourceTree = "<group>";
		};
		2AD2F48C1B2657BE00BD7CCB /* Supporting Files */ = {
			isa = PBXGroup;
			children = (
				2AD2F48D1B2657BE00BD7CCB /* Info.plist */,
			);
			name = "Supporting Files";
			sourceTree = "<group>";
		};
		2AD2F4A51B2657BE00BD7CCB /* ChronomancyTests */ = {
			isa = PBXGroup;
			children = (
				2AD2F4A81B2657BE00BD7CCB /* ChronomancyTests.swift */,
				2AD2F4A61B2657BE00BD7CCB /* Supporting Files */,
			);
			path = ChronomancyTests;
			sourceTree = "<group>";
		};
		2AD2F4A61B2657BE00BD7CCB /* Supporting Files */ = {
			isa = PBXGroup;
			children = (
				2AD2F4A71B2657BE00BD7CCB /* Info.plist */,
			);
			name = "Supporting Files";
			sourceTree = "<group>";
		};
/* End PBXGroup section */

/* Begin PBXNativeTarget section */
		2AD2F4881B2657BE00BD7CCB /* Chronomancy */ = {
			isa = PBXNativeTarget;
			buildConfigurationList = 2AD2F4AC1B2657BE00BD7CCB /* Build configuration list for PBXNativeTarget "Chronomancy" */;
			buildPhases = (
				2AD2F4851B2657BE00BD7CCB /* Sources */,
				2AD2F4861B2657BE00BD7CCB /* Frameworks */,
				2AD2F4871B2657BE00BD7CCB /* Resources */,
			);
			buildRules = (
			);
			dependencies = (
			);
			name = Chronomancy;
			productName = Chronomancy;
			productReference = 2AD2F4891B2657BE00BD7CCB /* Chronomancy.app */;
			productType = "com.apple.product-type.application";
		};
		2AD2F4A11B2657BE00BD7CCB /* ChronomancyTests */ = {
			isa = PBXNativeTarget;
			buildConfigurationList = 2AD2F4AF1B2657BE00BD7CCB /* Build configuration list for PBXNativeTarget "ChronomancyTests" */;
			buildPhases = (
				2AD2F49E1B2657BE00BD7CCB /* Sources */,
				2AD2F49F1B2657BE00BD7CCB /* Frameworks */,
				2AD2F4A01B2657BE00BD7CCB /* Resources */,
			);
			buildRules = (
			);
			dependencies = (
				2AD2F4A41B2657BE00BD7CCB /* PBXTargetDependency */,
			);
			name = ChronomancyTests;
			productName = ChronomancyTests;
			productReference = 2AD2F4A21B2657BE00BD7CCB /* ChronomancyTests.xctest */;
			productType = "com.apple.product-type.bundle.unit-test";
		};
/* End PBXNativeTarget section */

/* Begin PBXProject section */
		2AD2F4811B2657BE00BD7CCB /* Project object */ = {
			isa = PBXProject;
			attributes = {
				LastUpgradeCheck = 0630;
				ORGANIZATIONNAME = Runemark;
				TargetAttributes = {
					2AD2F4881B2657BE00BD7CCB = {
						CreatedOnToolsVersion = 6.3.1;
					};
					2AD2F4A11B2657BE00BD7CCB = {
						CreatedOnToolsVersion = 6.3.1;
						TestTargetID = 2AD2F4881B2657BE00BD7CCB;
					};
				};
			};
			buildConfigurationList = 2AD2F4841B2657BE00BD7CCB /* Build configuration list for PBXProject "Chronomancy" */;
			compatibilityVersion = "Xcode 3.2";
			developmentRegion = English;
			hasScannedForEncodings = 0;
			knownRegions = (
				en,
				Base,
			);
			mainGroup = 2AD2F4801B2657BE00BD7CCB;
			productRefGroup = 2AD2F48A1B2657BE00BD7CCB /* Products */;
			projectDirPath = "";
			projectRoot = "";
			targets = (
				2AD2F4881B2657BE00BD7CCB /* Chronomancy */,
				2AD2F4A11B2657BE00BD7CCB /* ChronomancyTests */,
			);
		};
/* End PBXProject section */

/* Begin PBXResourcesBuildPhase section */
		2AD2F4871B2657BE00BD7CCB /* Resources */ = {
			isa = PBXResourcesBuildPhase;
			buildActionMask = 2147483647;
			files = (
				2AD2F49D1B2657BE00BD7CCB /* LaunchScreen.xib in Resources */,
				2AD2F49A1B2657BE00BD7CCB /* Images.xcassets in Resources */,
				2AD2F4911B2657BE00BD7CCB /* GameScene.sks in Resources */,
				2AD2F4981B2657BE00BD7CCB /* Main.storyboard in Resources */,
			);
			runOnlyForDeploymentPostprocessing = 0;
		};
		2AD2F4A01B2657BE00BD7CCB /* Resources */ = {
			isa = PBXResourcesBuildPhase;
			buildActionMask = 2147483647;
			files = (
			);
			runOnlyForDeploymentPostprocessing = 0;
		};
/* End PBXResourcesBuildPhase section */

/* Begin PBXSourcesBuildPhase section */
		2AD2F4851B2657BE00BD7CCB /* Sources */ = {
			isa = PBXSourcesBuildPhase;
			buildActionMask = 2147483647;
			files = (
				2AD2F4931B2657BE00BD7CCB /* GameScene.swift in Sources */,
				2AD2F4951B2657BE00BD7CCB /* GameViewController.swift in Sources */,
				2AD2F48F1B2657BE00BD7CCB /* AppDelegate.swift in Sources */,
			);
			runOnlyForDeploymentPostprocessing = 0;
		};
		2AD2F49E1B2657BE00BD7CCB /* Sources */ = {
			isa = PBXSourcesBuildPhase;
			buildActionMask = 2147483647;
			files = (
				2AD2F4A91B2657BE00BD7CCB /* ChronomancyTests.swift in Sources */,
			);
			runOnlyForDeploymentPostprocessing = 0;
		};
/* End PBXSourcesBuildPhase section */

/* Begin PBXTargetDependency section */
		2AD2F4A41B2657BE00BD7CCB /* PBXTargetDependency */ = {
			isa = PBXTargetDependency;
			target = 2AD2F4881B2657BE00BD7CCB /* Chronomancy */;
			targetProxy = 2AD2F4A31B2657BE00BD7CCB /* PBXContainerItemProxy */;
		};
/* End PBXTargetDependency section */

/* Begin PBXVariantGroup section */
		2AD2F4961B2657BE00BD7CCB /* Main.storyboard */ = {
			isa = PBXVariantGroup;
			children = (
				2AD2F4971B2657BE00BD7CCB /* Base */,
			);
			name = Main.storyboard;
			sourceTree = "<group>";
		};
		2AD2F49B1B2657BE00BD7CCB /* LaunchScreen.xib */ = {
			isa = PBXVariantGroup;
			children = (
				2AD2F49C1B2657BE00BD7CCB /* Base */,
			);
			name = LaunchScreen.xib;
			sourceTree = "<group>";
		};
/* End PBXVariantGroup section */

/* Begin XCBuildConfiguration section */
		2AD2F4AA1B2657BE00BD7CCB /* Debug */ = {
			isa = XCBuildConfiguration;
			buildSettings = {
				ALWAYS_SEARCH_USER_PATHS = NO;
				CLANG_CXX_LANGUAGE_STANDARD = "gnu++0x";
				CLANG_CXX_LIBRARY = "libc++";
				CLANG_ENABLE_MODULES = YES;
				CLANG_ENABLE_OBJC_ARC = YES;
				CLANG_WARN_BOOL_CONVERSION = YES;
				CLANG_WARN_CONSTANT_CONVERSION = YES;
				CLANG_WARN_DIRECT_OBJC_ISA_USAGE = YES_ERROR;
				CLANG_WARN_EMPTY_BODY = YES;
				CLANG_WARN_ENUM_CONVERSION = YES;
				CLANG_WARN_INT_CONVERSION = YES;
				CLANG_WARN_OBJC_ROOT_CLASS = YES_ERROR;
				CLANG_WARN_UNREACHABLE_CODE = YES;
				CLANG_WARN__DUPLICATE_METHOD_MATCH = YES;
				"CODE_SIGN_IDENTITY[sdk=iphoneos*]" = "iPhone Developer";
				COPY_PHASE_STRIP = NO;
				DEBUG_INFORMATION_FORMAT = "dwarf-with-dsym";
				ENABLE_STRICT_OBJC_MSGSEND = YES;
				GCC_C_LANGUAGE_STANDARD = gnu99;
				GCC_DYNAMIC_NO_PIC = NO;
				GCC_NO_COMMON_BLOCKS = YES;
				GCC_OPTIMIZATION_LEVEL = 0;
				GCC_PREPROCESSOR_DEFINITIONS = (
					"DEBUG=1",
					"$(inherited)",
				);
				GCC_SYMBOLS_PRIVATE_EXTERN = NO;
				GCC_WARN_64_TO_32_BIT_CONVERSION = YES;
				GCC_WARN_ABOUT_RETURN_TYPE = YES_ERROR;
				GCC_WARN_UNDECLARED_SELECTOR = YES;
				GCC_WARN_UNINITIALIZED_AUTOS = YES_AGGRESSIVE;
				GCC_WARN_UNUSED_FUNCTION = YES;
				GCC_WARN_UNUSED_VARIABLE = YES;
				IPHONEOS_DEPLOYMENT_TARGET = 8.3;
				MTL_ENABLE_DEBUG_INFO = YES;
				ONLY_ACTIVE_ARCH = YES;
				SDKROOT = iphoneos;
				SWIFT_OPTIMIZATION_LEVEL = "-Onone";
				TARGETED_DEVICE_FAMILY = "1,2";
			};
			name = Debug;
		};
		2AD2F4AB1B2657BE00BD7CCB /* Release */ = {
			isa = XCBuildConfiguration;
			buildSettings = {
				ALWAYS_SEARCH_USER_PATHS = NO;
				CLANG_CXX_LANGUAGE_STANDARD = "gnu++0x";
				CLANG_CXX_LIBRARY = "libc++";
				CLANG_ENABLE_MODULES = YES;
				CLANG_ENABLE_OBJC_ARC = YES;
				CLANG_WARN_BOOL_CONVERSION = YES;
				CLANG_WARN_CONSTANT_CONVERSION = YES;
				CLANG_WARN_DIRECT_OBJC_ISA_USAGE = YES_ERROR;
				CLANG_WARN_EMPTY_BODY = YES;
				CLANG_WARN_ENUM_CONVERSION = YES;
				CLANG_WARN_INT_CONVERSION = YES;
				CLANG_WARN_OBJC_ROOT_CLASS = YES_ERROR;
				CLANG_WARN_UNREACHABLE_CODE = YES;
				CLANG_WARN__DUPLICATE_METHOD_MATCH = YES;
				"CODE_SIGN_IDENTITY[sdk=iphoneos*]" = "iPhone Developer";
				COPY_PHASE_STRIP = NO;
				DEBUG_INFORMATION_FORMAT = "dwarf-with-dsym";
				ENABLE_NS_ASSERTIONS = NO;
				ENABLE_STRICT_OBJC_MSGSEND = YES;
				GCC_C_LANGUAGE_STANDARD = gnu99;
				GCC_NO_COMMON_BLOCKS = YES;
				GCC_WARN_64_TO_32_BIT_CONVERSION = YES;
				GCC_WARN_ABOUT_RETURN_TYPE = YES_ERROR;
				GCC_WARN_UNDECLARED_SELECTOR = YES;
				GCC_WARN_UNINITIALIZED_AUTOS = YES_AGGRESSIVE;
				GCC_WARN_UNUSED_FUNCTION = YES;
				GCC_WARN_UNUSED_VARIABLE = YES;
				IPHONEOS_DEPLOYMENT_TARGET = 8.3;
				MTL_ENABLE_DEBUG_INFO = NO;
				SDKROOT = iphoneos;
				TARGETED_DEVICE_FAMILY = "1,2";
				VALIDATE_PRODUCT = YES;
			};
			name = Release;
		};
		2AD2F4AD1B2657BE00BD7CCB /* Debug */ = {
			isa = XCBuildConfiguration;
			buildSettings = {
				ASSETCATALOG_COMPILER_APPICON_NAME = AppIcon;
				INFOPLIST_FILE = Chronomancy/Info.plist;
				LD_RUNPATH_SEARCH_PATHS = "$(inherited) @executable_path/Frameworks";
				PRODUCT_NAME = "$(TARGET_NAME)";
			};
			name = Debug;
		};
		2AD2F4AE1B2657BE00BD7CCB /* Release */ = {
			isa = XCBuildConfiguration;
			buildSettings = {
				ASSETCATALOG_COMPILER_APPICON_NAME = AppIcon;
				INFOPLIST_FILE = Chronomancy/Info.plist;
				LD_RUNPATH_SEARCH_PATHS = "$(inherited) @executable_path/Frameworks";
				PRODUCT_NAME = "$(TARGET_NAME)";
			};
			name = Release;
		};
		2AD2F4B01B2657BE00BD7CCB /* Debug */ = {
			isa = XCBuildConfiguration;
			buildSettings = {
				BUNDLE_LOADER = "$(TEST_HOST)";
				FRAMEWORK_SEARCH_PATHS = (
					"$(SDKROOT)/Developer/Library/Frameworks",
					"$(inherited)",
				);
				GCC_PREPROCESSOR_DEFINITIONS = (
					"DEBUG=1",
					"$(inherited)",
				);
				INFOPLIST_FILE = ChronomancyTests/Info.plist;
				LD_RUNPATH_SEARCH_PATHS = "$(inherited) @executable_path/Frameworks @loader_path/Frameworks";
				PRODUCT_NAME = "$(TARGET_NAME)";
				TEST_HOST = "$(BUILT_PRODUCTS_DIR)/Chronomancy.app/Chronomancy";
			};
			name = Debug;
		};
		2AD2F4B11B2657BE00BD7CCB /* Release */ = {
			isa = XCBuildConfiguration;
			buildSettings = {
				BUNDLE_LOADER = "$(TEST_HOST)";
				FRAMEWORK_SEARCH_PATHS = (
					"$(SDKROOT)/Developer/Library/Frameworks",
					"$(inherited)",
				);
				INFOPLIST_FILE = ChronomancyTests/Info.plist;
				LD_RUNPATH_SEARCH_PATHS = "$(inherited) @executable_path/Frameworks @loader_path/Frameworks";
				PRODUCT_NAME = "$(TARGET_NAME)";
				TEST_HOST = "$(BUILT_PRODUCTS_DIR)/Chronomancy.app/Chronomancy";
			};
			name = Release;
		};
/* End XCBuildConfiguration section */

/* Begin XCConfigurationList section */
		2AD2F4841B2657BE00BD7CCB /* Build configuration list for PBXProject "Chronomancy" */ = {
			isa = XCConfigurationList;
			buildConfigurations = (
				2AD2F4AA1B2657BE00BD7CCB /* Debug */,
				2AD2F4AB1B2657BE00BD7CCB /* Release */,
			);
			defaultConfigurationIsVisible = 0;
			defaultConfigurationName = Release;
		};
		2AD2F4AC1B2657BE00BD7CCB /* Build configuration list for PBXNativeTarget "Chronomancy" */ = {
			isa = XCConfigurationList;
			buildConfigurations = (
				2AD2F4AD1B2657BE00BD7CCB /* Debug */,
				2AD2F4AE1B2657BE00BD7CCB /* Release */,
			);
			defaultConfigurationIsVisible = 0;
		};
		2AD2F4AF1B2657BE00BD7CCB /* Build configuration list for PBXNativeTarget "ChronomancyTests" */ = {
			isa = XCConfigurationList;
			buildConfigurations = (
				2AD2F4B01B2657BE00BD7CCB /* Debug */,
				2AD2F4B11B2657BE00BD7CCB /* Release */,
			);
			defaultConfigurationIsVisible = 0;
		};
/* End XCConfigurationList section */
	};
	rootObject = 2AD2F4811B2657BE00BD7CCB /* Project object */;
}
